
Microsoft Visual Studio Solution File, Format Version 12.00
# Visual Studio Version 17
VisualStudioVersion = 17.3.32901.215
MinimumVisualStudioVersion = 10.0.40219.1
Project("{FAE04EC0-301F-11D3-BF4B-00C04F79EFBC}") = "3 yazılı ortalaması", "3 yazılı ortalaması\3 yazılı ortalaması.csproj", "{822A1448-1530-46F8-AF3D-2734DB55FF63}"
EndProject
Global
	GlobalSection(SolutionConfigurationPlatforms) = preSolution
		Debug|Any CPU = Debug|Any CPU
		Release|Any CPU = Release|Any CPU
	EndGlobalSection
	GlobalSection(ProjectConfigurationPlatforms) = postSolution
		{822A1448-1530-46F8-AF3D-2734DB55FF63}.Debug|Any CPU.ActiveCfg = Debug|Any CPU
		{822A1448-1530-46F8-AF3D-2734DB55FF63}.Debug|Any CPU.Build.0 = Debug|Any CPU
		{822A1448-1530-46F8-AF3D-2734DB55FF63}.Release|Any CPU.ActiveCfg = Release|Any CPU
		{822A1448-1530-46F8-AF3D-2734DB55FF63}.Release|Any CPU.Build.0 = Release|Any CPU
	EndGlobalSection
	GlobalSection(SolutionProperties) = preSolution
		HideSolutionNode = FALSE
	EndGlobalSection
	GlobalSection(ExtensibilityGlobals) = postSolution
		SolutionGuid = {340CDDCE-6069-4C71-B4A7-3824A76979ED}
	EndGlobalSection
EndGlobal
